
Microsoft Visual Studio Solution File, Format Version 11.00
# Visual Studio 2010
Project("{FAE04EC0-301F-11D3-BF4B-00C04F79EFBC}") = "FaceTracking3D-WPF", "FaceTracking3D-WPF.csproj", "{849C4C35-7685-44FB-B43A-C078E88AC9F5}"
EndProject
Project("{FAE04EC0-301F-11D3-BF4B-00C04F79EFBC}") = "Microsoft.Kinect.Toolkit.FaceTracking", "..\Microsoft.Kinect.Toolkit.FaceTracking\Microsoft.Kinect.Toolkit.FaceTracking.csproj", "{1BCF9CEE-DF01-430E-B49D-41A9A88963EB}"
EndProject
Project("{FAE04EC0-301F-11D3-BF4B-00C04F79EFBC}") = "Microsoft.Kinect.Toolkit", "..\Microsoft.Kinect.Toolkit\Microsoft.Kinect.Toolkit.csproj", "{C6F9C31B-6130-4443-A5CC-EF0664552ECD}"
EndProject
Global
	GlobalSection(SolutionConfigurationPlatforms) = preSolution
		Debug|Win32 = Debug|Win32
		Debug|x64 = Debug|x64
		Release|Win32 = Release|Win32
		Release|x64 = Release|x64
	EndGlobalSection
	GlobalSection(ProjectConfigurationPlatforms) = postSolution
		{849C4C35-7685-44FB-B43A-C078E88AC9F5}.Debug|Win32.ActiveCfg = Debug|Win32
		{849C4C35-7685-44FB-B43A-C078E88AC9F5}.Debug|Win32.Build.0 = Debug|Win32
		{849C4C35-7685-44FB-B43A-C078E88AC9F5}.Debug|x64.ActiveCfg = Debug|x64
		{849C4C35-7685-44FB-B43A-C078E88AC9F5}.Debug|x64.Build.0 = Debug|x64
		{849C4C35-7685-44FB-B43A-C078E88AC9F5}.Release|Win32.ActiveCfg = Release|Win32
		{849C4C35-7685-44FB-B43A-C078E88AC9F5}.Release|Win32.Build.0 = Release|Win32
		{849C4C35-7685-44FB-B43A-C078E88AC9F5}.Release|x64.ActiveCfg = Release|x64
		{849C4C35-7685-44FB-B43A-C078E88AC9F5}.Release|x64.Build.0 = Release|x64
		{1BCF9CEE-DF01-430E-B49D-41A9A88963EB}.Debug|Win32.ActiveCfg = Debug|Win32
		{1BCF9CEE-DF01-430E-B49D-41A9A88963EB}.Debug|Win32.Build.0 = Debug|Win32
		{1BCF9CEE-DF01-430E-B49D-41A9A88963EB}.Debug|x64.ActiveCfg = Debug|x64
		{1BCF9CEE-DF01-430E-B49D-41A9A88963EB}.Debug|x64.Build.0 = Debug|x64
		{1BCF9CEE-DF01-430E-B49D-41A9A88963EB}.Release|Win32.ActiveCfg = Release|Win32
		{1BCF9CEE-DF01-430E-B49D-41A9A88963EB}.Release|Win32.Build.0 = Release|Win32
		{1BCF9CEE-DF01-430E-B49D-41A9A88963EB}.Release|x64.ActiveCfg = Release|x64
		{1BCF9CEE-DF01-430E-B49D-41A9A88963EB}.Release|x64.Build.0 = Release|x64
		{C6F9C31B-6130-4443-A5CC-EF0664552ECD}.Debug|Win32.ActiveCfg = Debug|Any CPU
		{C6F9C31B-6130-4443-A5CC-EF0664552ECD}.Debug|Win32.Build.0 = Debug|Any CPU
		{C6F9C31B-6130-4443-A5CC-EF0664552ECD}.Debug|x64.ActiveCfg = Debug|Any CPU
		{C6F9C31B-6130-4443-A5CC-EF0664552ECD}.Debug|x64.Build.0 = Debug|Any CPU
		{C6F9C31B-6130-4443-A5CC-EF0664552ECD}.Release|Win32.ActiveCfg = Release|Any CPU
		{C6F9C31B-6130-4443-A5CC-EF0664552ECD}.Release|Win32.Build.0 = Release|Any CPU
		{C6F9C31B-6130-4443-A5CC-EF0664552ECD}.Release|x64.ActiveCfg = Release|Any CPU
		{C6F9C31B-6130-4443-A5CC-EF0664552ECD}.Release|x64.Build.0 = Release|Any CPU
	EndGlobalSection
	GlobalSection(SolutionProperties) = preSolution
		HideSolutionNode = FALSE
	EndGlobalSection
EndGlobal
